
Microsoft Visual Studio Solution File, Format Version 12.00
# Visual Studio 2012
Project("{FAE04EC0-301F-11D3-BF4B-00C04F79EFBC}") = "converting from binary to decimal", "converting from binary to decimal\converting from binary to decimal.csproj", "{46328BC4-680E-479F-BF50-F859A30C23D0}"
EndProject
Global
	GlobalSection(SolutionConfigurationPlatforms) = preSolution
		Debug|Any CPU = Debug|Any CPU
		Release|Any CPU = Release|Any CPU
	EndGlobalSection
	GlobalSection(ProjectConfigurationPlatforms) = postSolution
		{46328BC4-680E-479F-BF50-F859A30C23D0}.Debug|Any CPU.ActiveCfg = Debug|Any CPU
		{46328BC4-680E-479F-BF50-F859A30C23D0}.Debug|Any CPU.Build.0 = Debug|Any CPU
		{46328BC4-680E-479F-BF50-F859A30C23D0}.Release|Any CPU.ActiveCfg = Release|Any CPU
		{46328BC4-680E-479F-BF50-F859A30C23D0}.Release|Any CPU.Build.0 = Release|Any CPU
	EndGlobalSection
	GlobalSection(SolutionProperties) = preSolution
		HideSolutionNode = FALSE
	EndGlobalSection
EndGlobal
